
Microsoft Visual Studio Solution File, Format Version 12.00
# Visual Studio Version 17
VisualStudioVersion = 17.6.33829.357
MinimumVisualStudioVersion = 10.0.40219.1
Project("{FAE04EC0-301F-11D3-BF4B-00C04F79EFBC}") = "Microcube", "Microcube\Microcube.csproj", "{B246C2DA-0962-486C-BB4C-1792C3FAB1F4}"
EndProject
Global
	GlobalSection(SolutionConfigurationPlatforms) = preSolution
		Debug|Any CPU = Debug|Any CPU
		Release|Any CPU = Release|Any CPU
	EndGlobalSection
	GlobalSection(ProjectConfigurationPlatforms) = postSolution
		{B246C2DA-0962-486C-BB4C-1792C3FAB1F4}.Debug|Any CPU.ActiveCfg = Debug|Any CPU
		{B246C2DA-0962-486C-BB4C-1792C3FAB1F4}.Debug|Any CPU.Build.0 = Debug|Any CPU
		{B246C2DA-0962-486C-BB4C-1792C3FAB1F4}.Release|Any CPU.ActiveCfg = Release|Any CPU
		{B246C2DA-0962-486C-BB4C-1792C3FAB1F4}.Release|Any CPU.Build.0 = Release|Any CPU
	EndGlobalSection
	GlobalSection(SolutionProperties) = preSolution
		HideSolutionNode = FALSE
	EndGlobalSection
	GlobalSection(ExtensibilityGlobals) = postSolution
		SolutionGuid = {83CC7285-A12D-4ABF-AF6B-F4C6A1434797}
	EndGlobalSection
EndGlobal
